
Microsoft Visual Studio Solution File, Format Version 12.00
# Visual Studio 15
VisualStudioVersion = 15.0.28307.421
MinimumVisualStudioVersion = 10.0.40219.1
Project("{FAE04EC0-301F-11D3-BF4B-00C04F79EFBC}") = "FSL.eBook.RWP.ED2Core.DesignPatterns", "FSL.eBook.RWP.ED2Core.DesignPatterns\FSL.eBook.RWP.ED2Core.DesignPatterns.csproj", "{26311D03-0E16-4C48-AD78-D44353FA7B4D}"
EndProject
Global
	GlobalSection(SolutionConfigurationPlatforms) = preSolution
		Debug|Any CPU = Debug|Any CPU
		Release|Any CPU = Release|Any CPU
	EndGlobalSection
	GlobalSection(ProjectConfigurationPlatforms) = postSolution
		{26311D03-0E16-4C48-AD78-D44353FA7B4D}.Debug|Any CPU.ActiveCfg = Debug|Any CPU
		{26311D03-0E16-4C48-AD78-D44353FA7B4D}.Debug|Any CPU.Build.0 = Debug|Any CPU
		{26311D03-0E16-4C48-AD78-D44353FA7B4D}.Release|Any CPU.ActiveCfg = Release|Any CPU
		{26311D03-0E16-4C48-AD78-D44353FA7B4D}.Release|Any CPU.Build.0 = Release|Any CPU
	EndGlobalSection
	GlobalSection(SolutionProperties) = preSolution
		HideSolutionNode = FALSE
	EndGlobalSection
	GlobalSection(ExtensibilityGlobals) = postSolution
		SolutionGuid = {310D68AC-0959-4647-8D31-A810C4160321}
	EndGlobalSection
EndGlobal
